{
  "name": "telegram-jobs",
  "lockfileVersion": 3,
  "requires": true,
  "packages": {
    "": {
      "dependencies": {
        "opencode-goal-plugin": "^0.6.4"
      }
    },
    "node_modules/opencode-goal-plugin": {
      "version": "0.6.4",
      "resolved": "https://registry.npmjs.org/opencode-goal-plugin/-/opencode-goal-plugin-0.6.4.tgz",
      "integrity": "sha512-0wyaeepO/I74yRfQvwl++7QLaaASncD9yk8vFVBko+C8ST9/lrvtDUggJRAb5+mhjW+zlITT1s/sEgtLkDVzYQ==",
      "license": "MIT",
      "bin": {
        "opencode-goal-plugin": "scripts/verify.mjs"
      },
      "engines": {
        "node": ">=18",
        "opencode": ">=1.17.15 <2"
      },
      "peerDependencies": {
        "@opencode-ai/plugin": ">=1.17.15 <2"
      },
      "peerDependenciesMeta": {
        "@opencode-ai/plugin": {
          "optional": true
        }
      }
    }
  }
}
